
Microsoft Visual Studio Solution File, Format Version 12.00
# Visual Studio Version 16
VisualStudioVersion = 16.0.31624.102
MinimumVisualStudioVersion = 10.0.40219.1
Project("{FAE04EC0-301F-11D3-BF4B-00C04F79EFBC}") = "ConsoleApp1", "ConsoleApp1\ConsoleApp1.csproj", "{E86F43AC-E022-4965-AABF-B9F90471DA6A}"
EndProject
Global
	GlobalSection(SolutionConfigurationPlatforms) = preSolution
		Debug|Any CPU = Debug|Any CPU
		Release|Any CPU = Release|Any CPU
	EndGlobalSection
	GlobalSection(ProjectConfigurationPlatforms) = postSolution
		{E86F43AC-E022-4965-AABF-B9F90471DA6A}.Debug|Any CPU.ActiveCfg = Debug|Any CPU
		{E86F43AC-E022-4965-AABF-B9F90471DA6A}.Debug|Any CPU.Build.0 = Debug|Any CPU
		{E86F43AC-E022-4965-AABF-B9F90471DA6A}.Release|Any CPU.ActiveCfg = Release|Any CPU
		{E86F43AC-E022-4965-AABF-B9F90471DA6A}.Release|Any CPU.Build.0 = Release|Any CPU
	EndGlobalSection
	GlobalSection(SolutionProperties) = preSolution
		HideSolutionNode = FALSE
	EndGlobalSection
	GlobalSection(ExtensibilityGlobals) = postSolution
		SolutionGuid = {246F7C1A-8337-4D07-82E2-D1A21109890C}
	EndGlobalSection
EndGlobal
