
Microsoft Visual Studio Solution File, Format Version 12.00
# Visual Studio Version 16
VisualStudioVersion = 16.0.31624.102
MinimumVisualStudioVersion = 10.0.40219.1
Project("{9A19103F-16F7-4668-BE54-9A1E7A4F7556}") = "Language Basic", "LanguageBasic\Language Basic.csproj", "{E05F4441-63CA-4E74-9B20-C815427AC93E}"
EndProject
Project("{9A19103F-16F7-4668-BE54-9A1E7A4F7556}") = "Conditional", "Conditional\Conditional.csproj", "{19005ECA-5F83-4939-80CC-E3E40960B4E9}"
EndProject
Project("{9A19103F-16F7-4668-BE54-9A1E7A4F7556}") = "Loop", "Loop\Loop.csproj", "{F45AD082-0776-4CA9-8609-07AF046BE81F}"
EndProject
Project("{9A19103F-16F7-4668-BE54-9A1E7A4F7556}") = "Array", "Array\Array.csproj", "{37729758-613B-478E-B5BF-3271CC9E66C7}"
EndProject
Project("{9A19103F-16F7-4668-BE54-9A1E7A4F7556}") = "String", "String\String.csproj", "{C5567948-4737-4336-A68D-5BABC59729A6}"
EndProject
Global
	GlobalSection(SolutionConfigurationPlatforms) = preSolution
		Debug|Any CPU = Debug|Any CPU
		Release|Any CPU = Release|Any CPU
	EndGlobalSection
	GlobalSection(ProjectConfigurationPlatforms) = postSolution
		{E05F4441-63CA-4E74-9B20-C815427AC93E}.Debug|Any CPU.ActiveCfg = Debug|Any CPU
		{E05F4441-63CA-4E74-9B20-C815427AC93E}.Debug|Any CPU.Build.0 = Debug|Any CPU
		{E05F4441-63CA-4E74-9B20-C815427AC93E}.Release|Any CPU.ActiveCfg = Release|Any CPU
		{E05F4441-63CA-4E74-9B20-C815427AC93E}.Release|Any CPU.Build.0 = Release|Any CPU
		{19005ECA-5F83-4939-80CC-E3E40960B4E9}.Debug|Any CPU.ActiveCfg = Debug|Any CPU
		{19005ECA-5F83-4939-80CC-E3E40960B4E9}.Debug|Any CPU.Build.0 = Debug|Any CPU
		{19005ECA-5F83-4939-80CC-E3E40960B4E9}.Release|Any CPU.ActiveCfg = Release|Any CPU
		{19005ECA-5F83-4939-80CC-E3E40960B4E9}.Release|Any CPU.Build.0 = Release|Any CPU
		{F45AD082-0776-4CA9-8609-07AF046BE81F}.Debug|Any CPU.ActiveCfg = Debug|Any CPU
		{F45AD082-0776-4CA9-8609-07AF046BE81F}.Debug|Any CPU.Build.0 = Debug|Any CPU
		{F45AD082-0776-4CA9-8609-07AF046BE81F}.Release|Any CPU.ActiveCfg = Release|Any CPU
		{F45AD082-0776-4CA9-8609-07AF046BE81F}.Release|Any CPU.Build.0 = Release|Any CPU
		{37729758-613B-478E-B5BF-3271CC9E66C7}.Debug|Any CPU.ActiveCfg = Debug|Any CPU
		{37729758-613B-478E-B5BF-3271CC9E66C7}.Debug|Any CPU.Build.0 = Debug|Any CPU
		{37729758-613B-478E-B5BF-3271CC9E66C7}.Release|Any CPU.ActiveCfg = Release|Any CPU
		{37729758-613B-478E-B5BF-3271CC9E66C7}.Release|Any CPU.Build.0 = Release|Any CPU
		{C5567948-4737-4336-A68D-5BABC59729A6}.Debug|Any CPU.ActiveCfg = Debug|Any CPU
		{C5567948-4737-4336-A68D-5BABC59729A6}.Debug|Any CPU.Build.0 = Debug|Any CPU
		{C5567948-4737-4336-A68D-5BABC59729A6}.Release|Any CPU.ActiveCfg = Release|Any CPU
		{C5567948-4737-4336-A68D-5BABC59729A6}.Release|Any CPU.Build.0 = Release|Any CPU
	EndGlobalSection
	GlobalSection(SolutionProperties) = preSolution
		HideSolutionNode = FALSE
	EndGlobalSection
	GlobalSection(ExtensibilityGlobals) = postSolution
		SolutionGuid = {BDB1B034-3FDC-4D82-8896-47775241CD70}
	EndGlobalSection
EndGlobal
